
Microsoft Visual Studio Solution File, Format Version 12.00
# Visual Studio Version 17
VisualStudioVersion = 17.0.31903.59
MinimumVisualStudioVersion = 10.0.40219.1
Project("{2150E333-8FDC-42A3-9474-1A3956D46DE8}") = "Application", "Application", "{A74F262E-BDE7-D5D2-89E9-785413424D0A}"
EndProject
Project("{FAE04EC0-301F-11D3-BF4B-00C04F79EFBC}") = "MangaLib.Application.Models", "Application\MangaLib.Application.Models\MangaLib.Application.Models.csproj", "{9C2D68E3-1A5D-427F-A9D5-D608765057B5}"
EndProject
Project("{FAE04EC0-301F-11D3-BF4B-00C04F79EFBC}") = "MangaLib.Application.Services", "Application\MangaLib.Application.Services\MangaLib.Application.Services.csproj", "{24F0632E-A664-4A4E-B508-EAD88B941226}"
EndProject
Project("{2150E333-8FDC-42A3-9474-1A3956D46DE8}") = "Common", "Common", "{881589EE-639B-0A35-DBCE-5D94E4FC90C0}"
EndProject
Project("{FAE04EC0-301F-11D3-BF4B-00C04F79EFBC}") = "MangaLib.Common", "Common\MangaLib.Common\MangaLib.Common.csproj", "{12164D99-1709-4BDF-AC5A-7734345EF987}"
EndProject
Project("{FAE04EC0-301F-11D3-BF4B-00C04F79EFBC}") = "MangaLib.Common.Infrastructure.Queues.Abstraction", "Common\MangaLib.Common.Infrastructure.Queues.Abstraction\MangaLib.Common.Infrastructure.Queues.Abstraction.csproj", "{2F839884-CBDC-4245-9D86-93E6C641F80C}"
EndProject
Project("{2150E333-8FDC-42A3-9474-1A3956D46DE8}") = "Domain", "Domain", "{996CEBED-A05B-5D42-3FF0-982E087A2599}"
EndProject
Project("{FAE04EC0-301F-11D3-BF4B-00C04F79EFBC}") = "MangaLib.Domain", "Domain\MangaLib.Domain\MangaLib.Domain.csproj", "{8EA28234-1E5E-40B7-9267-92C3D6A5333F}"
EndProject
Project("{FAE04EC0-301F-11D3-BF4B-00C04F79EFBC}") = "MangaLib.Domain.Repositories.Abstractions", "Domain\MangaLib.Domain.Repositories.Abstractions\MangaLib.Domain.Repositories.Abstractions.csproj", "{52B6D568-40B8-4636-960A-775C0A4ABA1D}"
EndProject
Project("{FAE04EC0-301F-11D3-BF4B-00C04F79EFBC}") = "MangaLib.Domain.Services", "Domain\MangaLib.Domain.Services\MangaLib.Domain.Services.csproj", "{E2AD78A4-5999-4FB6-A2E2-960D6724A4D1}"
EndProject
Project("{FAE04EC0-301F-11D3-BF4B-00C04F79EFBC}") = "MangaLib.Domain.ValueObjects", "Domain\MangaLib.Domain.ValueObjects\MangaLib.Domain.ValueObjects.csproj", "{2160B464-F305-4D7B-AB1C-4FAAF7EFF835}"
EndProject
Project("{2150E333-8FDC-42A3-9474-1A3956D46DE8}") = "Infrastructure", "Infrastructure", "{DFEE68D8-A7D0-1A41-506C-9B74AA9A7B7B}"
EndProject
Project("{FAE04EC0-301F-11D3-BF4B-00C04F79EFBC}") = "MangaLib.Infrastructure.EntityFramework", "Infrastructure\MangaLib.Infrastructure.EntityFramework\MangaLib.Infrastructure.EntityFramework.csproj", "{6D9E1682-71D2-4578-96B6-527DD8DB6ED9}"
EndProject
Project("{2150E333-8FDC-42A3-9474-1A3956D46DE8}") = "Presentation", "Presentation", "{06CFFD70-14AA-A959-A3BA-1B15D094E3B1}"
EndProject
Project("{FAE04EC0-301F-11D3-BF4B-00C04F79EFBC}") = "MangaLib.WebHost", "Presentation\MangaLib.WebHost\MangaLib.WebHost.csproj", "{3751ADF4-E739-44F3-BDBA-81478CCDFDDD}"
EndProject
Global
	GlobalSection(SolutionConfigurationPlatforms) = preSolution
		Debug|Any CPU = Debug|Any CPU
		Debug|x64 = Debug|x64
		Debug|x86 = Debug|x86
		Release|Any CPU = Release|Any CPU
		Release|x64 = Release|x64
		Release|x86 = Release|x86
	EndGlobalSection
	GlobalSection(ProjectConfigurationPlatforms) = postSolution
		{9C2D68E3-1A5D-427F-A9D5-D608765057B5}.Debug|Any CPU.ActiveCfg = Debug|Any CPU
		{9C2D68E3-1A5D-427F-A9D5-D608765057B5}.Debug|Any CPU.Build.0 = Debug|Any CPU
		{9C2D68E3-1A5D-427F-A9D5-D608765057B5}.Debug|x64.ActiveCfg = Debug|Any CPU
		{9C2D68E3-1A5D-427F-A9D5-D608765057B5}.Debug|x64.Build.0 = Debug|Any CPU
		{9C2D68E3-1A5D-427F-A9D5-D608765057B5}.Debug|x86.ActiveCfg = Debug|Any CPU
		{9C2D68E3-1A5D-427F-A9D5-D608765057B5}.Debug|x86.Build.0 = Debug|Any CPU
		{9C2D68E3-1A5D-427F-A9D5-D608765057B5}.Release|Any CPU.ActiveCfg = Release|Any CPU
		{9C2D68E3-1A5D-427F-A9D5-D608765057B5}.Release|Any CPU.Build.0 = Release|Any CPU
		{9C2D68E3-1A5D-427F-A9D5-D608765057B5}.Release|x64.ActiveCfg = Release|Any CPU
		{9C2D68E3-1A5D-427F-A9D5-D608765057B5}.Release|x64.Build.0 = Release|Any CPU
		{9C2D68E3-1A5D-427F-A9D5-D608765057B5}.Release|x86.ActiveCfg = Release|Any CPU
		{9C2D68E3-1A5D-427F-A9D5-D608765057B5}.Release|x86.Build.0 = Release|Any CPU
		{24F0632E-A664-4A4E-B508-EAD88B941226}.Debug|Any CPU.ActiveCfg = Debug|Any CPU
		{24F0632E-A664-4A4E-B508-EAD88B941226}.Debug|Any CPU.Build.0 = Debug|Any CPU
		{24F0632E-A664-4A4E-B508-EAD88B941226}.Debug|x64.ActiveCfg = Debug|Any CPU
		{24F0632E-A664-4A4E-B508-EAD88B941226}.Debug|x64.Build.0 = Debug|Any CPU
		{24F0632E-A664-4A4E-B508-EAD88B941226}.Debug|x86.ActiveCfg = Debug|Any CPU
		{24F0632E-A664-4A4E-B508-EAD88B941226}.Debug|x86.Build.0 = Debug|Any CPU
		{24F0632E-A664-4A4E-B508-EAD88B941226}.Release|Any CPU.ActiveCfg = Release|Any CPU
		{24F0632E-A664-4A4E-B508-EAD88B941226}.Release|Any CPU.Build.0 = Release|Any CPU
		{24F0632E-A664-4A4E-B508-EAD88B941226}.Release|x64.ActiveCfg = Release|Any CPU
		{24F0632E-A664-4A4E-B508-EAD88B941226}.Release|x64.Build.0 = Release|Any CPU
		{24F0632E-A664-4A4E-B508-EAD88B941226}.Release|x86.ActiveCfg = Release|Any CPU
		{24F0632E-A664-4A4E-B508-EAD88B941226}.Release|x86.Build.0 = Release|Any CPU
		{12164D99-1709-4BDF-AC5A-7734345EF987}.Debug|Any CPU.ActiveCfg = Debug|Any CPU
		{12164D99-1709-4BDF-AC5A-7734345EF987}.Debug|Any CPU.Build.0 = Debug|Any CPU
		{12164D99-1709-4BDF-AC5A-7734345EF987}.Debug|x64.ActiveCfg = Debug|Any CPU
		{12164D99-1709-4BDF-AC5A-7734345EF987}.Debug|x64.Build.0 = Debug|Any CPU
		{12164D99-1709-4BDF-AC5A-7734345EF987}.Debug|x86.ActiveCfg = Debug|Any CPU
		{12164D99-1709-4BDF-AC5A-7734345EF987}.Debug|x86.Build.0 = Debug|Any CPU
		{12164D99-1709-4BDF-AC5A-7734345EF987}.Release|Any CPU.ActiveCfg = Release|Any CPU
		{12164D99-1709-4BDF-AC5A-7734345EF987}.Release|Any CPU.Build.0 = Release|Any CPU
		{12164D99-1709-4BDF-AC5A-7734345EF987}.Release|x64.ActiveCfg = Release|Any CPU
		{12164D99-1709-4BDF-AC5A-7734345EF987}.Release|x64.Build.0 = Release|Any CPU
		{12164D99-1709-4BDF-AC5A-7734345EF987}.Release|x86.ActiveCfg = Release|Any CPU
		{12164D99-1709-4BDF-AC5A-7734345EF987}.Release|x86.Build.0 = Release|Any CPU
		{2F839884-CBDC-4245-9D86-93E6C641F80C}.Debug|Any CPU.ActiveCfg = Debug|Any CPU
		{2F839884-CBDC-4245-9D86-93E6C641F80C}.Debug|Any CPU.Build.0 = Debug|Any CPU
		{2F839884-CBDC-4245-9D86-93E6C641F80C}.Debug|x64.ActiveCfg = Debug|Any CPU
		{2F839884-CBDC-4245-9D86-93E6C641F80C}.Debug|x64.Build.0 = Debug|Any CPU
		{2F839884-CBDC-4245-9D86-93E6C641F80C}.Debug|x86.ActiveCfg = Debug|Any CPU
		{2F839884-CBDC-4245-9D86-93E6C641F80C}.Debug|x86.Build.0 = Debug|Any CPU
		{2F839884-CBDC-4245-9D86-93E6C641F80C}.Release|Any CPU.ActiveCfg = Release|Any CPU
		{2F839884-CBDC-4245-9D86-93E6C641F80C}.Release|Any CPU.Build.0 = Release|Any CPU
		{2F839884-CBDC-4245-9D86-93E6C641F80C}.Release|x64.ActiveCfg = Release|Any CPU
		{2F839884-CBDC-4245-9D86-93E6C641F80C}.Release|x64.Build.0 = Release|Any CPU
		{2F839884-CBDC-4245-9D86-93E6C641F80C}.Release|x86.ActiveCfg = Release|Any CPU
		{2F839884-CBDC-4245-9D86-93E6C641F80C}.Release|x86.Build.0 = Release|Any CPU
		{8EA28234-1E5E-40B7-9267-92C3D6A5333F}.Debug|Any CPU.ActiveCfg = Debug|Any CPU
		{8EA28234-1E5E-40B7-9267-92C3D6A5333F}.Debug|Any CPU.Build.0 = Debug|Any CPU
		{8EA28234-1E5E-40B7-9267-92C3D6A5333F}.Debug|x64.ActiveCfg = Debug|Any CPU
		{8EA28234-1E5E-40B7-9267-92C3D6A5333F}.Debug|x64.Build.0 = Debug|Any CPU
		{8EA28234-1E5E-40B7-9267-92C3D6A5333F}.Debug|x86.ActiveCfg = Debug|Any CPU
		{8EA28234-1E5E-40B7-9267-92C3D6A5333F}.Debug|x86.Build.0 = Debug|Any CPU
		{8EA28234-1E5E-40B7-9267-92C3D6A5333F}.Release|Any CPU.ActiveCfg = Release|Any CPU
		{8EA28234-1E5E-40B7-9267-92C3D6A5333F}.Release|Any CPU.Build.0 = Release|Any CPU
		{8EA28234-1E5E-40B7-9267-92C3D6A5333F}.Release|x64.ActiveCfg = Release|Any CPU
		{8EA28234-1E5E-40B7-9267-92C3D6A5333F}.Release|x64.Build.0 = Release|Any CPU
		{8EA28234-1E5E-40B7-9267-92C3D6A5333F}.Release|x86.ActiveCfg = Release|Any CPU
		{8EA28234-1E5E-40B7-9267-92C3D6A5333F}.Release|x86.Build.0 = Release|Any CPU
		{52B6D568-40B8-4636-960A-775C0A4ABA1D}.Debug|Any CPU.ActiveCfg = Debug|Any CPU
		{52B6D568-40B8-4636-960A-775C0A4ABA1D}.Debug|Any CPU.Build.0 = Debug|Any CPU
		{52B6D568-40B8-4636-960A-775C0A4ABA1D}.Debug|x64.ActiveCfg = Debug|Any CPU
		{52B6D568-40B8-4636-960A-775C0A4ABA1D}.Debug|x64.Build.0 = Debug|Any CPU
		{52B6D568-40B8-4636-960A-775C0A4ABA1D}.Debug|x86.ActiveCfg = Debug|Any CPU
		{52B6D568-40B8-4636-960A-775C0A4ABA1D}.Debug|x86.Build.0 = Debug|Any CPU
		{52B6D568-40B8-4636-960A-775C0A4ABA1D}.Release|Any CPU.ActiveCfg = Release|Any CPU
		{52B6D568-40B8-4636-960A-775C0A4ABA1D}.Release|Any CPU.Build.0 = Release|Any CPU
		{52B6D568-40B8-4636-960A-775C0A4ABA1D}.Release|x64.ActiveCfg = Release|Any CPU
		{52B6D568-40B8-4636-960A-775C0A4ABA1D}.Release|x64.Build.0 = Release|Any CPU
		{52B6D568-40B8-4636-960A-775C0A4ABA1D}.Release|x86.ActiveCfg = Release|Any CPU
		{52B6D568-40B8-4636-960A-775C0A4ABA1D}.Release|x86.Build.0 = Release|Any CPU
		{E2AD78A4-5999-4FB6-A2E2-960D6724A4D1}.Debug|Any CPU.ActiveCfg = Debug|Any CPU
		{E2AD78A4-5999-4FB6-A2E2-960D6724A4D1}.Debug|Any CPU.Build.0 = Debug|Any CPU
		{E2AD78A4-5999-4FB6-A2E2-960D6724A4D1}.Debug|x64.ActiveCfg = Debug|Any CPU
		{E2AD78A4-5999-4FB6-A2E2-960D6724A4D1}.Debug|x64.Build.0 = Debug|Any CPU
		{E2AD78A4-5999-4FB6-A2E2-960D6724A4D1}.Debug|x86.ActiveCfg = Debug|Any CPU
		{E2AD78A4-5999-4FB6-A2E2-960D6724A4D1}.Debug|x86.Build.0 = Debug|Any CPU
		{E2AD78A4-5999-4FB6-A2E2-960D6724A4D1}.Release|Any CPU.ActiveCfg = Release|Any CPU
		{E2AD78A4-5999-4FB6-A2E2-960D6724A4D1}.Release|Any CPU.Build.0 = Release|Any CPU
		{E2AD78A4-5999-4FB6-A2E2-960D6724A4D1}.Release|x64.ActiveCfg = Release|Any CPU
		{E2AD78A4-5999-4FB6-A2E2-960D6724A4D1}.Release|x64.Build.0 = Release|Any CPU
		{E2AD78A4-5999-4FB6-A2E2-960D6724A4D1}.Release|x86.ActiveCfg = Release|Any CPU
		{E2AD78A4-5999-4FB6-A2E2-960D6724A4D1}.Release|x86.Build.0 = Release|Any CPU
		{2160B464-F305-4D7B-AB1C-4FAAF7EFF835}.Debug|Any CPU.ActiveCfg = Debug|Any CPU
		{2160B464-F305-4D7B-AB1C-4FAAF7EFF835}.Debug|Any CPU.Build.0 = Debug|Any CPU
		{2160B464-F305-4D7B-AB1C-4FAAF7EFF835}.Debug|x64.ActiveCfg = Debug|Any CPU
		{2160B464-F305-4D7B-AB1C-4FAAF7EFF835}.Debug|x64.Build.0 = Debug|Any CPU
		{2160B464-F305-4D7B-AB1C-4FAAF7EFF835}.Debug|x86.ActiveCfg = Debug|Any CPU
		{2160B464-F305-4D7B-AB1C-4FAAF7EFF835}.Debug|x86.Build.0 = Debug|Any CPU
		{2160B464-F305-4D7B-AB1C-4FAAF7EFF835}.Release|Any CPU.ActiveCfg = Release|Any CPU
		{2160B464-F305-4D7B-AB1C-4FAAF7EFF835}.Release|Any CPU.Build.0 = Release|Any CPU
		{2160B464-F305-4D7B-AB1C-4FAAF7EFF835}.Release|x64.ActiveCfg = Release|Any CPU
		{2160B464-F305-4D7B-AB1C-4FAAF7EFF835}.Release|x64.Build.0 = Release|Any CPU
		{2160B464-F305-4D7B-AB1C-4FAAF7EFF835}.Release|x86.ActiveCfg = Release|Any CPU
		{2160B464-F305-4D7B-AB1C-4FAAF7EFF835}.Release|x86.Build.0 = Release|Any CPU
		{6D9E1682-71D2-4578-96B6-527DD8DB6ED9}.Debug|Any CPU.ActiveCfg = Debug|Any CPU
		{6D9E1682-71D2-4578-96B6-527DD8DB6ED9}.Debug|Any CPU.Build.0 = Debug|Any CPU
		{6D9E1682-71D2-4578-96B6-527DD8DB6ED9}.Debug|x64.ActiveCfg = Debug|Any CPU
		{6D9E1682-71D2-4578-96B6-527DD8DB6ED9}.Debug|x64.Build.0 = Debug|Any CPU
		{6D9E1682-71D2-4578-96B6-527DD8DB6ED9}.Debug|x86.ActiveCfg = Debug|Any CPU
		{6D9E1682-71D2-4578-96B6-527DD8DB6ED9}.Debug|x86.Build.0 = Debug|Any CPU
		{6D9E1682-71D2-4578-96B6-527DD8DB6ED9}.Release|Any CPU.ActiveCfg = Release|Any CPU
		{6D9E1682-71D2-4578-96B6-527DD8DB6ED9}.Release|Any CPU.Build.0 = Release|Any CPU
		{6D9E1682-71D2-4578-96B6-527DD8DB6ED9}.Release|x64.ActiveCfg = Release|Any CPU
		{6D9E1682-71D2-4578-96B6-527DD8DB6ED9}.Release|x64.Build.0 = Release|Any CPU
		{6D9E1682-71D2-4578-96B6-527DD8DB6ED9}.Release|x86.ActiveCfg = Release|Any CPU
		{6D9E1682-71D2-4578-96B6-527DD8DB6ED9}.Release|x86.Build.0 = Release|Any CPU
		{3751ADF4-E739-44F3-BDBA-81478CCDFDDD}.Debug|Any CPU.ActiveCfg = Debug|Any CPU
		{3751ADF4-E739-44F3-BDBA-81478CCDFDDD}.Debug|Any CPU.Build.0 = Debug|Any CPU
		{3751ADF4-E739-44F3-BDBA-81478CCDFDDD}.Debug|x64.ActiveCfg = Debug|Any CPU
		{3751ADF4-E739-44F3-BDBA-81478CCDFDDD}.Debug|x64.Build.0 = Debug|Any CPU
		{3751ADF4-E739-44F3-BDBA-81478CCDFDDD}.Debug|x86.ActiveCfg = Debug|Any CPU
		{3751ADF4-E739-44F3-BDBA-81478CCDFDDD}.Debug|x86.Build.0 = Debug|Any CPU
		{3751ADF4-E739-44F3-BDBA-81478CCDFDDD}.Release|Any CPU.ActiveCfg = Release|Any CPU
		{3751ADF4-E739-44F3-BDBA-81478CCDFDDD}.Release|Any CPU.Build.0 = Release|Any CPU
		{3751ADF4-E739-44F3-BDBA-81478CCDFDDD}.Release|x64.ActiveCfg = Release|Any CPU
		{3751ADF4-E739-44F3-BDBA-81478CCDFDDD}.Release|x64.Build.0 = Release|Any CPU
		{3751ADF4-E739-44F3-BDBA-81478CCDFDDD}.Release|x86.ActiveCfg = Release|Any CPU
		{3751ADF4-E739-44F3-BDBA-81478CCDFDDD}.Release|x86.Build.0 = Release|Any CPU
	EndGlobalSection
	GlobalSection(SolutionProperties) = preSolution
		HideSolutionNode = FALSE
	EndGlobalSection
	GlobalSection(NestedProjects) = preSolution
		{9C2D68E3-1A5D-427F-A9D5-D608765057B5} = {A74F262E-BDE7-D5D2-89E9-785413424D0A}
		{24F0632E-A664-4A4E-B508-EAD88B941226} = {A74F262E-BDE7-D5D2-89E9-785413424D0A}
		{12164D99-1709-4BDF-AC5A-7734345EF987} = {881589EE-639B-0A35-DBCE-5D94E4FC90C0}
		{2F839884-CBDC-4245-9D86-93E6C641F80C} = {881589EE-639B-0A35-DBCE-5D94E4FC90C0}
		{8EA28234-1E5E-40B7-9267-92C3D6A5333F} = {996CEBED-A05B-5D42-3FF0-982E087A2599}
		{52B6D568-40B8-4636-960A-775C0A4ABA1D} = {996CEBED-A05B-5D42-3FF0-982E087A2599}
		{E2AD78A4-5999-4FB6-A2E2-960D6724A4D1} = {996CEBED-A05B-5D42-3FF0-982E087A2599}
		{2160B464-F305-4D7B-AB1C-4FAAF7EFF835} = {996CEBED-A05B-5D42-3FF0-982E087A2599}
		{6D9E1682-71D2-4578-96B6-527DD8DB6ED9} = {DFEE68D8-A7D0-1A41-506C-9B74AA9A7B7B}
		{3751ADF4-E739-44F3-BDBA-81478CCDFDDD} = {06CFFD70-14AA-A959-A3BA-1B15D094E3B1}
	EndGlobalSection
EndGlobal
